
Microsoft Visual Studio Solution File, Format Version 12.00
# Visual Studio 14
VisualStudioVersion = 14.0.23107.0
MinimumVisualStudioVersion = 10.0.40219.1
Project("{FAE04EC0-301F-11D3-BF4B-00C04F79EFBC}") = "NamrlyUI", "NamrlyUI\NamrlyUI.csproj", "{6C85B6E4-95F0-4F6D-9B82-D58B71BA37DD}"
EndProject
Project("{2150E333-8FDC-42A3-9474-1A3956D46DE8}") = "PublishScripts", "PublishScripts", "{1D0B3FB6-83E7-4794-B35C-F20A1C841647}"
	ProjectSection(SolutionItems) = preProject
		PublishScripts\AzureVMPublishModule.psm1 = PublishScripts\AzureVMPublishModule.psm1
		PublishScripts\Publish-WebApplicationVM.ps1 = PublishScripts\Publish-WebApplicationVM.ps1
	EndProjectSection
EndProject
Project("{2150E333-8FDC-42A3-9474-1A3956D46DE8}") = "Configurations", "Configurations", "{72E56A12-4075-472A-9860-DB14F1BCB5B3}"
	ProjectSection(SolutionItems) = preProject
		PublishScripts\Configurations\NamrlyUI-WAWS-dev.json = PublishScripts\Configurations\NamrlyUI-WAWS-dev.json
	EndProjectSection
EndProject
Global
	GlobalSection(SolutionConfigurationPlatforms) = preSolution
		Debug|Any CPU = Debug|Any CPU
		Release|Any CPU = Release|Any CPU
	EndGlobalSection
	GlobalSection(ProjectConfigurationPlatforms) = postSolution
		{6C85B6E4-95F0-4F6D-9B82-D58B71BA37DD}.Debug|Any CPU.ActiveCfg = Debug|Any CPU
		{6C85B6E4-95F0-4F6D-9B82-D58B71BA37DD}.Debug|Any CPU.Build.0 = Debug|Any CPU
		{6C85B6E4-95F0-4F6D-9B82-D58B71BA37DD}.Release|Any CPU.ActiveCfg = Release|Any CPU
		{6C85B6E4-95F0-4F6D-9B82-D58B71BA37DD}.Release|Any CPU.Build.0 = Release|Any CPU
	EndGlobalSection
	GlobalSection(SolutionProperties) = preSolution
		HideSolutionNode = FALSE
	EndGlobalSection
	GlobalSection(NestedProjects) = preSolution
		{72E56A12-4075-472A-9860-DB14F1BCB5B3} = {1D0B3FB6-83E7-4794-B35C-F20A1C841647}
	EndGlobalSection
EndGlobal
