
Microsoft Visual Studio Solution File, Format Version 12.00
# Visual Studio 15
VisualStudioVersion = 15.0.28010.2026
MinimumVisualStudioVersion = 10.0.40219.1
Project("{FAE04EC0-301F-11D3-BF4B-00C04F79EFBC}") = "NamrlyBlazor", "NamrlyBlazor\NamrlyBlazor.csproj", "{B34972D3-E0D9-4128-93BA-FF6568C3ED4A}"
EndProject
Global
	GlobalSection(SolutionConfigurationPlatforms) = preSolution
		Debug|Any CPU = Debug|Any CPU
		Release|Any CPU = Release|Any CPU
	EndGlobalSection
	GlobalSection(ProjectConfigurationPlatforms) = postSolution
		{B34972D3-E0D9-4128-93BA-FF6568C3ED4A}.Debug|Any CPU.ActiveCfg = Debug|Any CPU
		{B34972D3-E0D9-4128-93BA-FF6568C3ED4A}.Debug|Any CPU.Build.0 = Debug|Any CPU
		{B34972D3-E0D9-4128-93BA-FF6568C3ED4A}.Release|Any CPU.ActiveCfg = Release|Any CPU
		{B34972D3-E0D9-4128-93BA-FF6568C3ED4A}.Release|Any CPU.Build.0 = Release|Any CPU
	EndGlobalSection
	GlobalSection(SolutionProperties) = preSolution
		HideSolutionNode = FALSE
	EndGlobalSection
	GlobalSection(ExtensibilityGlobals) = postSolution
		SolutionGuid = {6F20A23A-20AF-47CE-84D6-9D611E8518C2}
	EndGlobalSection
EndGlobal
